
Microsoft Visual Studio Solution File, Format Version 12.00
# Visual Studio 15
VisualStudioVersion = 15.0.28307.757
MinimumVisualStudioVersion = 10.0.40219.1
Project("{FAE04EC0-301F-11D3-BF4B-00C04F79EFBC}") = "BikeGallery", "BikeGallery\BikeGallery.csproj", "{BD0F2236-84CD-4D3A-A2F1-B5C1780B1EFD}"
EndProject
Global
	GlobalSection(SolutionConfigurationPlatforms) = preSolution
		Debug|Any CPU = Debug|Any CPU
		Release|Any CPU = Release|Any CPU
	EndGlobalSection
	GlobalSection(ProjectConfigurationPlatforms) = postSolution
		{BD0F2236-84CD-4D3A-A2F1-B5C1780B1EFD}.Debug|Any CPU.ActiveCfg = Debug|Any CPU
		{BD0F2236-84CD-4D3A-A2F1-B5C1780B1EFD}.Debug|Any CPU.Build.0 = Debug|Any CPU
		{BD0F2236-84CD-4D3A-A2F1-B5C1780B1EFD}.Release|Any CPU.ActiveCfg = Release|Any CPU
		{BD0F2236-84CD-4D3A-A2F1-B5C1780B1EFD}.Release|Any CPU.Build.0 = Release|Any CPU
	EndGlobalSection
	GlobalSection(SolutionProperties) = preSolution
		HideSolutionNode = FALSE
	EndGlobalSection
	GlobalSection(ExtensibilityGlobals) = postSolution
		SolutionGuid = {1B58F0E2-81A9-45CE-82A7-DBC70539915E}
	EndGlobalSection
EndGlobal
